
Microsoft Visual Studio Solution File, Format Version 12.00
# Visual Studio Version 17
VisualStudioVersion = 17.3.32519.111
MinimumVisualStudioVersion = 10.0.40219.1
Project("{9A19103F-16F7-4668-BE54-9A1E7A4F7556}") = "PrzychodniaMedycznaMB_FE", "PrzychodniaMedycznaMB_FE\PrzychodniaMedycznaMB_FE.csproj", "{23236EAC-135A-43A6-B7D3-9A4AAF50F779}"
EndProject
Global
	GlobalSection(SolutionConfigurationPlatforms) = preSolution
		Debug|Any CPU = Debug|Any CPU
		Release|Any CPU = Release|Any CPU
	EndGlobalSection
	GlobalSection(ProjectConfigurationPlatforms) = postSolution
		{23236EAC-135A-43A6-B7D3-9A4AAF50F779}.Debug|Any CPU.ActiveCfg = Debug|Any CPU
		{23236EAC-135A-43A6-B7D3-9A4AAF50F779}.Debug|Any CPU.Build.0 = Debug|Any CPU
		{23236EAC-135A-43A6-B7D3-9A4AAF50F779}.Release|Any CPU.ActiveCfg = Release|Any CPU
		{23236EAC-135A-43A6-B7D3-9A4AAF50F779}.Release|Any CPU.Build.0 = Release|Any CPU
	EndGlobalSection
	GlobalSection(SolutionProperties) = preSolution
		HideSolutionNode = FALSE
	EndGlobalSection
	GlobalSection(ExtensibilityGlobals) = postSolution
		SolutionGuid = {6A563BDF-F86E-4D59-94B1-142BA9292DEC}
	EndGlobalSection
EndGlobal
